
Microsoft Visual Studio Solution File, Format Version 12.00
# Visual Studio Version 16
VisualStudioVersion = 16.0.33927.289
MinimumVisualStudioVersion = 10.0.40219.1
Project("{8BC9CEB8-8B4A-11D0-8D11-00A0C91BC942}") = "Lysenkov_neftyanka", "Lysenkov_neftyanka\Lysenkov_neftyanka.vcxproj", "{AE3576EE-5692-4B29-991D-E989CB048D18}"
EndProject
Global
	GlobalSection(SolutionConfigurationPlatforms) = preSolution
		Debug|x64 = Debug|x64
		Debug|x86 = Debug|x86
		Release|x64 = Release|x64
		Release|x86 = Release|x86
	EndGlobalSection
	GlobalSection(ProjectConfigurationPlatforms) = postSolution
		{AE3576EE-5692-4B29-991D-E989CB048D18}.Debug|x64.ActiveCfg = Debug|x64
		{AE3576EE-5692-4B29-991D-E989CB048D18}.Debug|x64.Build.0 = Debug|x64
		{AE3576EE-5692-4B29-991D-E989CB048D18}.Debug|x86.ActiveCfg = Debug|Win32
		{AE3576EE-5692-4B29-991D-E989CB048D18}.Debug|x86.Build.0 = Debug|Win32
		{AE3576EE-5692-4B29-991D-E989CB048D18}.Release|x64.ActiveCfg = Release|x64
		{AE3576EE-5692-4B29-991D-E989CB048D18}.Release|x64.Build.0 = Release|x64
		{AE3576EE-5692-4B29-991D-E989CB048D18}.Release|x86.ActiveCfg = Release|Win32
		{AE3576EE-5692-4B29-991D-E989CB048D18}.Release|x86.Build.0 = Release|Win32
	EndGlobalSection
	GlobalSection(SolutionProperties) = preSolution
		HideSolutionNode = FALSE
	EndGlobalSection
	GlobalSection(ExtensibilityGlobals) = postSolution
		SolutionGuid = {363C2205-C8B1-4ECB-98E8-64C7AE8D58E6}
	EndGlobalSection
EndGlobal
